// !$*UTF8*$!
{
	archiveVersion = 1;
	classes = {
	};
	objectVersion = 56;
	objects = {

/* Begin PBXBuildFile section */
		84A0845C29C87AC4003DDACA /* ForgotPasswordVC.swift in Sources */ = {isa = PBXBuildFile; fileRef = 84A0845B29C87AC4003DDACA /* ForgotPasswordVC.swift */; };
		84A0845F29C8894D003DDACA /* AlertView.xib in Resources */ = {isa = PBXBuildFile; fileRef = 84A0845E29C8894D003DDACA /* AlertView.xib */; };
		84A0846129C88975003DDACA /* AlertView.swift in Sources */ = {isa = PBXBuildFile; fileRef = 84A0846029C88975003DDACA /* AlertView.swift */; };
		A20EA59529BF25BF00D1FC9F /* SplashVC.swift in Sources */ = {isa = PBXBuildFile; fileRef = A20EA59429BF25BF00D1FC9F /* SplashVC.swift */; };
		A20EA59829BF25BF00D1FC9F /* Splash.storyboard in Resources */ = {isa = PBXBuildFile; fileRef = A20EA59629BF25BF00D1FC9F /* Splash.storyboard */; };
		A20EA59A29BF25C000D1FC9F /* Images.xcassets in Resources */ = {isa = PBXBuildFile; fileRef = A20EA59929BF25C000D1FC9F /* Images.xcassets */; };
		A20EA59D29BF25C000D1FC9F /* LaunchScreen.storyboard in Resources */ = {isa = PBXBuildFile; fileRef = A20EA59B29BF25C000D1FC9F /* LaunchScreen.storyboard */; };
		A20EA5A629BF2D5700D1FC9F /* AppDelegate.swift in Sources */ = {isa = PBXBuildFile; fileRef = A20EA5A529BF2D5700D1FC9F /* AppDelegate.swift */; };
		A20EA5A929BF2D9300D1FC9F /* Colors.xcassets in Resources */ = {isa = PBXBuildFile; fileRef = A20EA5A829BF2D9300D1FC9F /* Colors.xcassets */; };
		A20EA5B529BF325200D1FC9F /* AppConst.swift in Sources */ = {isa = PBXBuildFile; fileRef = A20EA5B429BF325200D1FC9F /* AppConst.swift */; };
		A20EA5B729BF32DD00D1FC9F /* ColorsConst.swift in Sources */ = {isa = PBXBuildFile; fileRef = A20EA5B629BF32DD00D1FC9F /* ColorsConst.swift */; };
		A20EA5B929BF398900D1FC9F /* UserDefaultExtension.swift in Sources */ = {isa = PBXBuildFile; fileRef = A20EA5B829BF398900D1FC9F /* UserDefaultExtension.swift */; };
		A20EA5BC29BF405B00D1FC9F /* Auth.storyboard in Resources */ = {isa = PBXBuildFile; fileRef = A20EA5BE29BF405B00D1FC9F /* Auth.storyboard */; };
		A20EA5C929BF41A800D1FC9F /* Localizable.strings in Resources */ = {isa = PBXBuildFile; fileRef = A20EA5CB29BF41A800D1FC9F /* Localizable.strings */; };
		A20EA5CE29BF45A300D1FC9F /* StoryboardManager.swift in Sources */ = {isa = PBXBuildFile; fileRef = A20EA5CD29BF45A300D1FC9F /* StoryboardManager.swift */; };
		A26DB0D329C0835300E52C70 /* SignInVC.swift in Sources */ = {isa = PBXBuildFile; fileRef = A26DB0D229C0835300E52C70 /* SignInVC.swift */; };
		A26DB0D529C092A700E52C70 /* CustomTextField.swift in Sources */ = {isa = PBXBuildFile; fileRef = A26DB0D429C092A700E52C70 /* CustomTextField.swift */; };
		A2756C7629C18F2500479779 /* UserModel.swift in Sources */ = {isa = PBXBuildFile; fileRef = A2756C7529C18F2500479779 /* UserModel.swift */; };
		A2756C7829C191C900479779 /* JsonObjectManager.swift in Sources */ = {isa = PBXBuildFile; fileRef = A2756C7729C191C900479779 /* JsonObjectManager.swift */; };
		A2756C7B29C1931600479779 /* Validator.swift in Sources */ = {isa = PBXBuildFile; fileRef = A2756C7A29C1931600479779 /* Validator.swift */; };
		A2756C7D29C1959200479779 /* StringExtension.swift in Sources */ = {isa = PBXBuildFile; fileRef = A2756C7C29C1959200479779 /* StringExtension.swift */; };
		A2756C7F29C1960D00479779 /* DateExtension.swift in Sources */ = {isa = PBXBuildFile; fileRef = A2756C7E29C1960D00479779 /* DateExtension.swift */; };
		A2756C8429C1A61000479779 /* HomeVC.swift in Sources */ = {isa = PBXBuildFile; fileRef = A2756C8329C1A61000479779 /* HomeVC.swift */; };
		A2756C8529C1AEA400479779 /* Home.storyboard in Resources */ = {isa = PBXBuildFile; fileRef = A2756C8729C1AEA400479779 /* Home.storyboard */; };
		B11EB544BC4DEA85D4A0E339 /* Pods_DooRooWa.framework in Frameworks */ = {isa = PBXBuildFile; fileRef = CD05A9E2B59A1F344E987090 /* Pods_DooRooWa.framework */; };
/* End PBXBuildFile section */

/* Begin PBXFileReference section */
		1776267DF104170FA526F524 /* Pods-DooRooWa.release.xcconfig */ = {isa = PBXFileReference; includeInIndex = 1; lastKnownFileType = text.xcconfig; name = "Pods-DooRooWa.release.xcconfig"; path = "Target Support Files/Pods-DooRooWa/Pods-DooRooWa.release.xcconfig"; sourceTree = "<group>"; };
		84A0845B29C87AC4003DDACA /* ForgotPasswordVC.swift */ = {isa = PBXFileReference; lastKnownFileType = sourcecode.swift; path = ForgotPasswordVC.swift; sourceTree = "<group>"; };
		84A0845E29C8894D003DDACA /* AlertView.xib */ = {isa = PBXFileReference; lastKnownFileType = file.xib; path = AlertView.xib; sourceTree = "<group>"; };
		84A0846029C88975003DDACA /* AlertView.swift */ = {isa = PBXFileReference; lastKnownFileType = sourcecode.swift; path = AlertView.swift; sourceTree = "<group>"; };
		A20EA58D29BF25BF00D1FC9F /* DooRooWa.app */ = {isa = PBXFileReference; explicitFileType = wrapper.application; includeInIndex = 0; path = DooRooWa.app; sourceTree = BUILT_PRODUCTS_DIR; };
		A20EA59429BF25BF00D1FC9F /* SplashVC.swift */ = {isa = PBXFileReference; lastKnownFileType = sourcecode.swift; path = SplashVC.swift; sourceTree = "<group>"; };
		A20EA59729BF25BF00D1FC9F /* Base */ = {isa = PBXFileReference; lastKnownFileType = file.storyboard; name = Base; path = Base.lproj/Splash.storyboard; sourceTree = "<group>"; };
		A20EA59929BF25C000D1FC9F /* Images.xcassets */ = {isa = PBXFileReference; lastKnownFileType = folder.assetcatalog; path = Images.xcassets; sourceTree = "<group>"; };
		A20EA59C29BF25C000D1FC9F /* Base */ = {isa = PBXFileReference; lastKnownFileType = file.storyboard; name = Base; path = Base.lproj/LaunchScreen.storyboard; sourceTree = "<group>"; };
		A20EA59E29BF25C000D1FC9F /* Info.plist */ = {isa = PBXFileReference; lastKnownFileType = text.plist.xml; path = Info.plist; sourceTree = "<group>"; };
		A20EA5A529BF2D5700D1FC9F /* AppDelegate.swift */ = {isa = PBXFileReference; fileEncoding = 4; lastKnownFileType = sourcecode.swift; path = AppDelegate.swift; sourceTree = "<group>"; };
		A20EA5A829BF2D9300D1FC9F /* Colors.xcassets */ = {isa = PBXFileReference; lastKnownFileType = folder.assetcatalog; path = Colors.xcassets; sourceTree = "<group>"; };
		A20EA5B429BF325200D1FC9F /* AppConst.swift */ = {isa = PBXFileReference; lastKnownFileType = sourcecode.swift; path = AppConst.swift; sourceTree = "<group>"; };
		A20EA5B629BF32DD00D1FC9F /* ColorsConst.swift */ = {isa = PBXFileReference; lastKnownFileType = sourcecode.swift; path = ColorsConst.swift; sourceTree = "<group>"; };
		A20EA5B829BF398900D1FC9F /* UserDefaultExtension.swift */ = {isa = PBXFileReference; fileEncoding = 4; lastKnownFileType = sourcecode.swift; path = UserDefaultExtension.swift; sourceTree = "<group>"; };
		A20EA5BA29BF402800D1FC9F /* ko */ = {isa = PBXFileReference; lastKnownFileType = text.plist.strings; name = ko; path = ko.lproj/Splash.strings; sourceTree = "<group>"; };
		A20EA5BB29BF402800D1FC9F /* ko */ = {isa = PBXFileReference; lastKnownFileType = text.plist.strings; name = ko; path = ko.lproj/LaunchScreen.strings; sourceTree = "<group>"; };
		A20EA5BD29BF405B00D1FC9F /* Base */ = {isa = PBXFileReference; lastKnownFileType = file.storyboard; name = Base; path = Base.lproj/Auth.storyboard; sourceTree = "<group>"; };
		A20EA5C029BF405F00D1FC9F /* ko */ = {isa = PBXFileReference; lastKnownFileType = text.plist.strings; name = ko; path = ko.lproj/Auth.strings; sourceTree = "<group>"; };
		A20EA5C229BF409E00D1FC9F /* en */ = {isa = PBXFileReference; lastKnownFileType = text.plist.strings; name = en; path = en.lproj/Auth.strings; sourceTree = "<group>"; };
		A20EA5C429BF40A000D1FC9F /* en */ = {isa = PBXFileReference; lastKnownFileType = text.plist.strings; name = en; path = en.lproj/LaunchScreen.strings; sourceTree = "<group>"; };
		A20EA5C629BF40B000D1FC9F /* en */ = {isa = PBXFileReference; lastKnownFileType = text.plist.strings; name = en; path = en.lproj/Splash.strings; sourceTree = "<group>"; };
		A20EA5CA29BF41A800D1FC9F /* en */ = {isa = PBXFileReference; lastKnownFileType = text.plist.strings; name = en; path = en.lproj/Localizable.strings; sourceTree = "<group>"; };
		A20EA5CC29BF41AA00D1FC9F /* ko */ = {isa = PBXFileReference; lastKnownFileType = text.plist.strings; name = ko; path = ko.lproj/Localizable.strings; sourceTree = "<group>"; };
		A20EA5CD29BF45A300D1FC9F /* StoryboardManager.swift */ = {isa = PBXFileReference; fileEncoding = 4; lastKnownFileType = sourcecode.swift; path = StoryboardManager.swift; sourceTree = "<group>"; };
		A26DB0D229C0835300E52C70 /* SignInVC.swift */ = {isa = PBXFileReference; lastKnownFileType = sourcecode.swift; path = SignInVC.swift; sourceTree = "<group>"; };
		A26DB0D429C092A700E52C70 /* CustomTextField.swift */ = {isa = PBXFileReference; fileEncoding = 4; lastKnownFileType = sourcecode.swift; path = CustomTextField.swift; sourceTree = "<group>"; };
		A2756C7529C18F2500479779 /* UserModel.swift */ = {isa = PBXFileReference; fileEncoding = 4; lastKnownFileType = sourcecode.swift; path = UserModel.swift; sourceTree = "<group>"; };
		A2756C7729C191C900479779 /* JsonObjectManager.swift */ = {isa = PBXFileReference; fileEncoding = 4; lastKnownFileType = sourcecode.swift; path = JsonObjectManager.swift; sourceTree = "<group>"; };
		A2756C7A29C1931600479779 /* Validator.swift */ = {isa = PBXFileReference; lastKnownFileType = sourcecode.swift; path = Validator.swift; sourceTree = "<group>"; };
		A2756C7C29C1959200479779 /* StringExtension.swift */ = {isa = PBXFileReference; fileEncoding = 4; lastKnownFileType = sourcecode.swift; path = StringExtension.swift; sourceTree = "<group>"; };
		A2756C7E29C1960D00479779 /* DateExtension.swift */ = {isa = PBXFileReference; fileEncoding = 4; lastKnownFileType = sourcecode.swift; path = DateExtension.swift; sourceTree = "<group>"; };
		A2756C8329C1A61000479779 /* HomeVC.swift */ = {isa = PBXFileReference; lastKnownFileType = sourcecode.swift; path = HomeVC.swift; sourceTree = "<group>"; };
		A2756C8629C1AEA400479779 /* Base */ = {isa = PBXFileReference; lastKnownFileType = file.storyboard; name = Base; path = Base.lproj/Home.storyboard; sourceTree = "<group>"; };
		A2756C8929C1AEAC00479779 /* en */ = {isa = PBXFileReference; lastKnownFileType = text.plist.strings; name = en; path = en.lproj/Home.strings; sourceTree = "<group>"; };
		A2756C8B29C1AEB000479779 /* ko */ = {isa = PBXFileReference; lastKnownFileType = text.plist.strings; name = ko; path = ko.lproj/Home.strings; sourceTree = "<group>"; };
		CD05A9E2B59A1F344E987090 /* Pods_DooRooWa.framework */ = {isa = PBXFileReference; explicitFileType = wrapper.framework; includeInIndex = 0; path = Pods_DooRooWa.framework; sourceTree = BUILT_PRODUCTS_DIR; };
		F78A416532EAFA634A69F858 /* Pods-DooRooWa.debug.xcconfig */ = {isa = PBXFileReference; includeInIndex = 1; lastKnownFileType = text.xcconfig; name = "Pods-DooRooWa.debug.xcconfig"; path = "Target Support Files/Pods-DooRooWa/Pods-DooRooWa.debug.xcconfig"; sourceTree = "<group>"; };
/* End PBXFileReference section */

/* Begin PBXFrameworksBuildPhase section */
		A20EA58A29BF25BF00D1FC9F /* Frameworks */ = {
			isa = PBXFrameworksBuildPhase;
			buildActionMask = 2147483647;
			files = (
				B11EB544BC4DEA85D4A0E339 /* Pods_DooRooWa.framework in Frameworks */,
			);
			runOnlyForDeploymentPostprocessing = 0;
		};
/* End PBXFrameworksBuildPhase section */

/* Begin PBXGroup section */
		84A0845D29C88926003DDACA /* AlertView */ = {
			isa = PBXGroup;
			children = (
				84A0845E29C8894D003DDACA /* AlertView.xib */,
				84A0846029C88975003DDACA /* AlertView.swift */,
			);
			path = AlertView;
			sourceTree = "<group>";
		};
		A20EA58429BF25BE00D1FC9F = {
			isa = PBXGroup;
			children = (
				A20EA58F29BF25BF00D1FC9F /* DooRooWa */,
				A20EA58E29BF25BF00D1FC9F /* Products */,
				DA996B1EC4C72BCAA5075457 /* Pods */,
				CEDE7A5CC59025F924746C01 /* Frameworks */,
			);
			sourceTree = "<group>";
		};
		A20EA58E29BF25BF00D1FC9F /* Products */ = {
			isa = PBXGroup;
			children = (
				A20EA58D29BF25BF00D1FC9F /* DooRooWa.app */,
			);
			name = Products;
			sourceTree = "<group>";
		};
		A20EA58F29BF25BF00D1FC9F /* DooRooWa */ = {
			isa = PBXGroup;
			children = (
				A20EA5A529BF2D5700D1FC9F /* AppDelegate.swift */,
				A20EA5A729BF2D7400D1FC9F /* Assets */,
				A20EA5AA29BF2E2100D1FC9F /* Constants */,
				A20EA5AB29BF2E3E00D1FC9F /* Extensions */,
				A20EA5AD29BF2E6C00D1FC9F /* Modules */,
				A20EA5AC29BF2E4E00D1FC9F /* Helpers */,
				A20EA5AE29BF2E7900D1FC9F /* Resources */,
				A20EA5AF29BF2E9100D1FC9F /* Storyboards */,
				A20EA59E29BF25C000D1FC9F /* Info.plist */,
			);
			path = DooRooWa;
			sourceTree = "<group>";
		};
		A20EA5A729BF2D7400D1FC9F /* Assets */ = {
			isa = PBXGroup;
			children = (
				A20EA59929BF25C000D1FC9F /* Images.xcassets */,
				A20EA5A829BF2D9300D1FC9F /* Colors.xcassets */,
			);
			path = Assets;
			sourceTree = "<group>";
		};
		A20EA5AA29BF2E2100D1FC9F /* Constants */ = {
			isa = PBXGroup;
			children = (
				A20EA5B429BF325200D1FC9F /* AppConst.swift */,
				A20EA5B629BF32DD00D1FC9F /* ColorsConst.swift */,
			);
			path = Constants;
			sourceTree = "<group>";
		};
		A20EA5AB29BF2E3E00D1FC9F /* Extensions */ = {
			isa = PBXGroup;
			children = (
				A2756C7E29C1960D00479779 /* DateExtension.swift */,
				A2756C7C29C1959200479779 /* StringExtension.swift */,
				A20EA5B829BF398900D1FC9F /* UserDefaultExtension.swift */,
			);
			path = Extensions;
			sourceTree = "<group>";
		};
		A20EA5AC29BF2E4E00D1FC9F /* Helpers */ = {
			isa = PBXGroup;
			children = (
				A2756C7929C1928000479779 /* CustomControls */,
				A2756C7729C191C900479779 /* JsonObjectManager.swift */,
				A20EA5CD29BF45A300D1FC9F /* StoryboardManager.swift */,
				A2756C7A29C1931600479779 /* Validator.swift */,
			);
			path = Helpers;
			sourceTree = "<group>";
		};
		A20EA5AD29BF2E6C00D1FC9F /* Modules */ = {
			isa = PBXGroup;
			children = (
				A2756C8229C1A5DB00479779 /* Home */,
				A20EA5B329BF2FC200D1FC9F /* Auth */,
				A20EA59429BF25BF00D1FC9F /* SplashVC.swift */,
			);
			path = Modules;
			sourceTree = "<group>";
		};
		A20EA5AE29BF2E7900D1FC9F /* Resources */ = {
			isa = PBXGroup;
			children = (
				A20EA5CB29BF41A800D1FC9F /* Localizable.strings */,
			);
			path = Resources;
			sourceTree = "<group>";
		};
		A20EA5AF29BF2E9100D1FC9F /* Storyboards */ = {
			isa = PBXGroup;
			children = (
				A20EA59629BF25BF00D1FC9F /* Splash.storyboard */,
				A20EA59B29BF25C000D1FC9F /* LaunchScreen.storyboard */,
				A20EA5BE29BF405B00D1FC9F /* Auth.storyboard */,
				A2756C8729C1AEA400479779 /* Home.storyboard */,
			);
			path = Storyboards;
			sourceTree = "<group>";
		};
		A20EA5B329BF2FC200D1FC9F /* Auth */ = {
			isa = PBXGroup;
			children = (
				A2756C7429C18F1700479779 /* Models */,
				A26DB0D229C0835300E52C70 /* SignInVC.swift */,
				84A0845B29C87AC4003DDACA /* ForgotPasswordVC.swift */,
			);
			path = Auth;
			sourceTree = "<group>";
		};
		A2756C7429C18F1700479779 /* Models */ = {
			isa = PBXGroup;
			children = (
				A2756C7529C18F2500479779 /* UserModel.swift */,
			);
			path = Models;
			sourceTree = "<group>";
		};
		A2756C7929C1928000479779 /* CustomControls */ = {
			isa = PBXGroup;
			children = (
				84A0845D29C88926003DDACA /* AlertView */,
				A26DB0D429C092A700E52C70 /* CustomTextField.swift */,
			);
			path = CustomControls;
			sourceTree = "<group>";
		};
		A2756C8229C1A5DB00479779 /* Home */ = {
			isa = PBXGroup;
			children = (
				A2756C8329C1A61000479779 /* HomeVC.swift */,
			);
			path = Home;
			sourceTree = "<group>";
		};
		CEDE7A5CC59025F924746C01 /* Frameworks */ = {
			isa = PBXGroup;
			children = (
				CD05A9E2B59A1F344E987090 /* Pods_DooRooWa.framework */,
			);
			name = Frameworks;
			sourceTree = "<group>";
		};
		DA996B1EC4C72BCAA5075457 /* Pods */ = {
			isa = PBXGroup;
			children = (
				F78A416532EAFA634A69F858 /* Pods-DooRooWa.debug.xcconfig */,
				1776267DF104170FA526F524 /* Pods-DooRooWa.release.xcconfig */,
			);
			path = Pods;
			sourceTree = "<group>";
		};
/* End PBXGroup section */

/* Begin PBXNativeTarget section */
		A20EA58C29BF25BF00D1FC9F /* DooRooWa */ = {
			isa = PBXNativeTarget;
			buildConfigurationList = A20EA5A129BF25C000D1FC9F /* Build configuration list for PBXNativeTarget "DooRooWa" */;
			buildPhases = (
				6EA957C83AF48B03A9337FB0 /* [CP] Check Pods Manifest.lock */,
				A20EA58929BF25BF00D1FC9F /* Sources */,
				A20EA58A29BF25BF00D1FC9F /* Frameworks */,
				A20EA58B29BF25BF00D1FC9F /* Resources */,
				456E3897200469C002B723A3 /* [CP] Embed Pods Frameworks */,
			);
			buildRules = (
			);
			dependencies = (
			);
			name = DooRooWa;
			productName = DooRooWa;
			productReference = A20EA58D29BF25BF00D1FC9F /* DooRooWa.app */;
			productType = "com.apple.product-type.application";
		};
/* End PBXNativeTarget section */

/* Begin PBXProject section */
		A20EA58529BF25BE00D1FC9F /* Project object */ = {
			isa = PBXProject;
			attributes = {
				BuildIndependentTargetsInParallel = 1;
				LastSwiftUpdateCheck = 1420;
				LastUpgradeCheck = 1420;
				TargetAttributes = {
					A20EA58C29BF25BF00D1FC9F = {
						CreatedOnToolsVersion = 14.2;
					};
				};
			};
			buildConfigurationList = A20EA58829BF25BE00D1FC9F /* Build configuration list for PBXProject "DooRooWa" */;
			compatibilityVersion = "Xcode 14.0";
			developmentRegion = en;
			hasScannedForEncodings = 0;
			knownRegions = (
				en,
				Base,
				ko,
			);
			mainGroup = A20EA58429BF25BE00D1FC9F;
			productRefGroup = A20EA58E29BF25BF00D1FC9F /* Products */;
			projectDirPath = "";
			projectRoot = "";
			targets = (
				A20EA58C29BF25BF00D1FC9F /* DooRooWa */,
			);
		};
/* End PBXProject section */

/* Begin PBXResourcesBuildPhase section */
		A20EA58B29BF25BF00D1FC9F /* Resources */ = {
			isa = PBXResourcesBuildPhase;
			buildActionMask = 2147483647;
			files = (
				A20EA59D29BF25C000D1FC9F /* LaunchScreen.storyboard in Resources */,
				84A0845F29C8894D003DDACA /* AlertView.xib in Resources */,
				A20EA5C929BF41A800D1FC9F /* Localizable.strings in Resources */,
				A20EA5A929BF2D9300D1FC9F /* Colors.xcassets in Resources */,
				A20EA5BC29BF405B00D1FC9F /* Auth.storyboard in Resources */,
				A20EA59A29BF25C000D1FC9F /* Images.xcassets in Resources */,
				A2756C8529C1AEA400479779 /* Home.storyboard in Resources */,
				A20EA59829BF25BF00D1FC9F /* Splash.storyboard in Resources */,
			);
			runOnlyForDeploymentPostprocessing = 0;
		};
/* End PBXResourcesBuildPhase section */

/* Begin PBXShellScriptBuildPhase section */
		456E3897200469C002B723A3 /* [CP] Embed Pods Frameworks */ = {
			isa = PBXShellScriptBuildPhase;
			buildActionMask = 2147483647;
			files = (
			);
			inputFileListPaths = (
				"${PODS_ROOT}/Target Support Files/Pods-DooRooWa/Pods-DooRooWa-frameworks-${CONFIGURATION}-input-files.xcfilelist",
			);
			name = "[CP] Embed Pods Frameworks";
			outputFileListPaths = (
				"${PODS_ROOT}/Target Support Files/Pods-DooRooWa/Pods-DooRooWa-frameworks-${CONFIGURATION}-output-files.xcfilelist",
			);
			runOnlyForDeploymentPostprocessing = 0;
			shellPath = /bin/sh;
			shellScript = "\"${PODS_ROOT}/Target Support Files/Pods-DooRooWa/Pods-DooRooWa-frameworks.sh\"\n";
			showEnvVarsInLog = 0;
		};
		6EA957C83AF48B03A9337FB0 /* [CP] Check Pods Manifest.lock */ = {
			isa = PBXShellScriptBuildPhase;
			buildActionMask = 2147483647;
			files = (
			);
			inputFileListPaths = (
			);
			inputPaths = (
				"${PODS_PODFILE_DIR_PATH}/Podfile.lock",
				"${PODS_ROOT}/Manifest.lock",
			);
			name = "[CP] Check Pods Manifest.lock";
			outputFileListPaths = (
			);
			outputPaths = (
				"$(DERIVED_FILE_DIR)/Pods-DooRooWa-checkManifestLockResult.txt",
			);
			runOnlyForDeploymentPostprocessing = 0;
			shellPath = /bin/sh;
			shellScript = "diff \"${PODS_PODFILE_DIR_PATH}/Podfile.lock\" \"${PODS_ROOT}/Manifest.lock\" > /dev/null\nif [ $? != 0 ] ; then\n    # print error to STDERR\n    echo \"error: The sandbox is not in sync with the Podfile.lock. Run 'pod install' or update your CocoaPods installation.\" >&2\n    exit 1\nfi\n# This output is used by Xcode 'outputs' to avoid re-running this script phase.\necho \"SUCCESS\" > \"${SCRIPT_OUTPUT_FILE_0}\"\n";
			showEnvVarsInLog = 0;
		};
/* End PBXShellScriptBuildPhase section */

/* Begin PBXSourcesBuildPhase section */
		A20EA58929BF25BF00D1FC9F /* Sources */ = {
			isa = PBXSourcesBuildPhase;
			buildActionMask = 2147483647;
			files = (
				A20EA5CE29BF45A300D1FC9F /* StoryboardManager.swift in Sources */,
				A2756C8429C1A61000479779 /* HomeVC.swift in Sources */,
				A20EA5B929BF398900D1FC9F /* UserDefaultExtension.swift in Sources */,
				A2756C7829C191C900479779 /* JsonObjectManager.swift in Sources */,
				A20EA5B529BF325200D1FC9F /* AppConst.swift in Sources */,
				A20EA5B729BF32DD00D1FC9F /* ColorsConst.swift in Sources */,
				A2756C7F29C1960D00479779 /* DateExtension.swift in Sources */,
				A2756C7B29C1931600479779 /* Validator.swift in Sources */,
				A26DB0D529C092A700E52C70 /* CustomTextField.swift in Sources */,
				A26DB0D329C0835300E52C70 /* SignInVC.swift in Sources */,
				A2756C7D29C1959200479779 /* StringExtension.swift in Sources */,
				A20EA5A629BF2D5700D1FC9F /* AppDelegate.swift in Sources */,
				A2756C7629C18F2500479779 /* UserModel.swift in Sources */,
				84A0846129C88975003DDACA /* AlertView.swift in Sources */,
				A20EA59529BF25BF00D1FC9F /* SplashVC.swift in Sources */,
				84A0845C29C87AC4003DDACA /* ForgotPasswordVC.swift in Sources */,
			);
			runOnlyForDeploymentPostprocessing = 0;
		};
/* End PBXSourcesBuildPhase section */

/* Begin PBXVariantGroup section */
		A20EA59629BF25BF00D1FC9F /* Splash.storyboard */ = {
			isa = PBXVariantGroup;
			children = (
				A20EA59729BF25BF00D1FC9F /* Base */,
				A20EA5BA29BF402800D1FC9F /* ko */,
				A20EA5C629BF40B000D1FC9F /* en */,
			);
			name = Splash.storyboard;
			sourceTree = "<group>";
		};
		A20EA59B29BF25C000D1FC9F /* LaunchScreen.storyboard */ = {
			isa = PBXVariantGroup;
			children = (
				A20EA59C29BF25C000D1FC9F /* Base */,
				A20EA5BB29BF402800D1FC9F /* ko */,
				A20EA5C429BF40A000D1FC9F /* en */,
			);
			name = LaunchScreen.storyboard;
			sourceTree = "<group>";
		};
		A20EA5BE29BF405B00D1FC9F /* Auth.storyboard */ = {
			isa = PBXVariantGroup;
			children = (
				A20EA5BD29BF405B00D1FC9F /* Base */,
				A20EA5C029BF405F00D1FC9F /* ko */,
				A20EA5C229BF409E00D1FC9F /* en */,
			);
			name = Auth.storyboard;
			sourceTree = "<group>";
		};
		A20EA5CB29BF41A800D1FC9F /* Localizable.strings */ = {
			isa = PBXVariantGroup;
			children = (
				A20EA5CA29BF41A800D1FC9F /* en */,
				A20EA5CC29BF41AA00D1FC9F /* ko */,
			);
			name = Localizable.strings;
			sourceTree = "<group>";
		};
		A2756C8729C1AEA400479779 /* Home.storyboard */ = {
			isa = PBXVariantGroup;
			children = (
				A2756C8629C1AEA400479779 /* Base */,
				A2756C8929C1AEAC00479779 /* en */,
				A2756C8B29C1AEB000479779 /* ko */,
			);
			name = Home.storyboard;
			sourceTree = "<group>";
		};
/* End PBXVariantGroup section */

/* Begin XCBuildConfiguration section */
		A20EA59F29BF25C000D1FC9F /* Debug */ = {
			isa = XCBuildConfiguration;
			buildSettings = {
				ALWAYS_SEARCH_USER_PATHS = NO;
				CLANG_ANALYZER_LOCALIZABILITY_NONLOCALIZED = YES;
				CLANG_ANALYZER_NONNULL = YES;
				CLANG_ANALYZER_NUMBER_OBJECT_CONVERSION = YES_AGGRESSIVE;
				CLANG_CXX_LANGUAGE_STANDARD = "gnu++20";
				CLANG_ENABLE_MODULES = YES;
				CLANG_ENABLE_OBJC_ARC = YES;
				CLANG_ENABLE_OBJC_WEAK = YES;
				CLANG_WARN_BLOCK_CAPTURE_AUTORELEASING = YES;
				CLANG_WARN_BOOL_CONVERSION = YES;
				CLANG_WARN_COMMA = YES;
				CLANG_WARN_CONSTANT_CONVERSION = YES;
				CLANG_WARN_DEPRECATED_OBJC_IMPLEMENTATIONS = YES;
				CLANG_WARN_DIRECT_OBJC_ISA_USAGE = YES_ERROR;
				CLANG_WARN_DOCUMENTATION_COMMENTS = YES;
				CLANG_WARN_EMPTY_BODY = YES;
				CLANG_WARN_ENUM_CONVERSION = YES;
				CLANG_WARN_INFINITE_RECURSION = YES;
				CLANG_WARN_INT_CONVERSION = YES;
				CLANG_WARN_NON_LITERAL_NULL_CONVERSION = YES;
				CLANG_WARN_OBJC_IMPLICIT_RETAIN_SELF = YES;
				CLANG_WARN_OBJC_LITERAL_CONVERSION = YES;
				CLANG_WARN_OBJC_ROOT_CLASS = YES_ERROR;
				CLANG_WARN_QUOTED_INCLUDE_IN_FRAMEWORK_HEADER = YES;
				CLANG_WARN_RANGE_LOOP_ANALYSIS = YES;
				CLANG_WARN_STRICT_PROTOTYPES = YES;
				CLANG_WARN_SUSPICIOUS_MOVE = YES;
				CLANG_WARN_UNGUARDED_AVAILABILITY = YES_AGGRESSIVE;
				CLANG_WARN_UNREACHABLE_CODE = YES;
				CLANG_WARN__DUPLICATE_METHOD_MATCH = YES;
				COPY_PHASE_STRIP = NO;
				DEBUG_INFORMATION_FORMAT = dwarf;
				ENABLE_STRICT_OBJC_MSGSEND = YES;
				ENABLE_TESTABILITY = YES;
				GCC_C_LANGUAGE_STANDARD = gnu11;
				GCC_DYNAMIC_NO_PIC = NO;
				GCC_NO_COMMON_BLOCKS = YES;
				GCC_OPTIMIZATION_LEVEL = 0;
				GCC_PREPROCESSOR_DEFINITIONS = (
					"DEBUG=1",
					"$(inherited)",
				);
				GCC_WARN_64_TO_32_BIT_CONVERSION = YES;
				GCC_WARN_ABOUT_RETURN_TYPE = YES_ERROR;
				GCC_WARN_UNDECLARED_SELECTOR = YES;
				GCC_WARN_UNINITIALIZED_AUTOS = YES_AGGRESSIVE;
				GCC_WARN_UNUSED_FUNCTION = YES;
				GCC_WARN_UNUSED_VARIABLE = YES;
				IPHONEOS_DEPLOYMENT_TARGET = 13.0;
				MTL_ENABLE_DEBUG_INFO = INCLUDE_SOURCE;
				MTL_FAST_MATH = YES;
				ONLY_ACTIVE_ARCH = YES;
				SDKROOT = iphoneos;
				SWIFT_ACTIVE_COMPILATION_CONDITIONS = DEBUG;
				SWIFT_OPTIMIZATION_LEVEL = "-Onone";
			};
			name = Debug;
		};
		A20EA5A029BF25C000D1FC9F /* Release */ = {
			isa = XCBuildConfiguration;
			buildSettings = {
				ALWAYS_SEARCH_USER_PATHS = NO;
				CLANG_ANALYZER_LOCALIZABILITY_NONLOCALIZED = YES;
				CLANG_ANALYZER_NONNULL = YES;
				CLANG_ANALYZER_NUMBER_OBJECT_CONVERSION = YES_AGGRESSIVE;
				CLANG_CXX_LANGUAGE_STANDARD = "gnu++20";
				CLANG_ENABLE_MODULES = YES;
				CLANG_ENABLE_OBJC_ARC = YES;
				CLANG_ENABLE_OBJC_WEAK = YES;
				CLANG_WARN_BLOCK_CAPTURE_AUTORELEASING = YES;
				CLANG_WARN_BOOL_CONVERSION = YES;
				CLANG_WARN_COMMA = YES;
				CLANG_WARN_CONSTANT_CONVERSION = YES;
				CLANG_WARN_DEPRECATED_OBJC_IMPLEMENTATIONS = YES;
				CLANG_WARN_DIRECT_OBJC_ISA_USAGE = YES_ERROR;
				CLANG_WARN_DOCUMENTATION_COMMENTS = YES;
				CLANG_WARN_EMPTY_BODY = YES;
				CLANG_WARN_ENUM_CONVERSION = YES;
				CLANG_WARN_INFINITE_RECURSION = YES;
				CLANG_WARN_INT_CONVERSION = YES;
				CLANG_WARN_NON_LITERAL_NULL_CONVERSION = YES;
				CLANG_WARN_OBJC_IMPLICIT_RETAIN_SELF = YES;
				CLANG_WARN_OBJC_LITERAL_CONVERSION = YES;
				CLANG_WARN_OBJC_ROOT_CLASS = YES_ERROR;
				CLANG_WARN_QUOTED_INCLUDE_IN_FRAMEWORK_HEADER = YES;
				CLANG_WARN_RANGE_LOOP_ANALYSIS = YES;
				CLANG_WARN_STRICT_PROTOTYPES = YES;
				CLANG_WARN_SUSPICIOUS_MOVE = YES;
				CLANG_WARN_UNGUARDED_AVAILABILITY = YES_AGGRESSIVE;
				CLANG_WARN_UNREACHABLE_CODE = YES;
				CLANG_WARN__DUPLICATE_METHOD_MATCH = YES;
				COPY_PHASE_STRIP = NO;
				DEBUG_INFORMATION_FORMAT = "dwarf-with-dsym";
				ENABLE_NS_ASSERTIONS = NO;
				ENABLE_STRICT_OBJC_MSGSEND = YES;
				GCC_C_LANGUAGE_STANDARD = gnu11;
				GCC_NO_COMMON_BLOCKS = YES;
				GCC_WARN_64_TO_32_BIT_CONVERSION = YES;
				GCC_WARN_ABOUT_RETURN_TYPE = YES_ERROR;
				GCC_WARN_UNDECLARED_SELECTOR = YES;
				GCC_WARN_UNINITIALIZED_AUTOS = YES_AGGRESSIVE;
				GCC_WARN_UNUSED_FUNCTION = YES;
				GCC_WARN_UNUSED_VARIABLE = YES;
				IPHONEOS_DEPLOYMENT_TARGET = 13.0;
				MTL_ENABLE_DEBUG_INFO = NO;
				MTL_FAST_MATH = YES;
				SDKROOT = iphoneos;
				SWIFT_COMPILATION_MODE = wholemodule;
				SWIFT_OPTIMIZATION_LEVEL = "-O";
				VALIDATE_PRODUCT = YES;
			};
			name = Release;
		};
		A20EA5A229BF25C000D1FC9F /* Debug */ = {
			isa = XCBuildConfiguration;
			baseConfigurationReference = F78A416532EAFA634A69F858 /* Pods-DooRooWa.debug.xcconfig */;
			buildSettings = {
				ASSETCATALOG_COMPILER_APPICON_NAME = AppIcon;
				ASSETCATALOG_COMPILER_GLOBAL_ACCENT_COLOR_NAME = AccentColor;
				CODE_SIGN_STYLE = Automatic;
				CURRENT_PROJECT_VERSION = 1;
				DEVELOPMENT_TEAM = 2NK8U47VYY;
				GENERATE_INFOPLIST_FILE = YES;
				INFOPLIST_FILE = DooRooWa/Info.plist;
				INFOPLIST_KEY_UIApplicationSupportsIndirectInputEvents = YES;
				INFOPLIST_KEY_UILaunchStoryboardName = LaunchScreen;
				INFOPLIST_KEY_UIMainStoryboardFile = Splash;
				INFOPLIST_KEY_UISupportedInterfaceOrientations = UIInterfaceOrientationPortrait;
				INFOPLIST_KEY_UISupportedInterfaceOrientations_iPad = "UIInterfaceOrientationLandscapeLeft UIInterfaceOrientationLandscapeRight UIInterfaceOrientationPortrait UIInterfaceOrientationPortraitUpsideDown";
				LD_RUNPATH_SEARCH_PATHS = (
					"$(inherited)",
					"@executable_path/Frameworks",
				);
				MARKETING_VERSION = 1.0;
				PRODUCT_BUNDLE_IDENTIFIER = com.dooroowa.wve;
				PRODUCT_NAME = "$(TARGET_NAME)";
				SUPPORTED_PLATFORMS = "iphoneos iphonesimulator";
				SUPPORTS_MACCATALYST = NO;
				SUPPORTS_MAC_DESIGNED_FOR_IPHONE_IPAD = NO;
				SWIFT_EMIT_LOC_STRINGS = YES;
				SWIFT_VERSION = 5.0;
				TARGETED_DEVICE_FAMILY = 1;
			};
			name = Debug;
		};
		A20EA5A329BF25C000D1FC9F /* Release */ = {
			isa = XCBuildConfiguration;
			baseConfigurationReference = 1776267DF104170FA526F524 /* Pods-DooRooWa.release.xcconfig */;
			buildSettings = {
				ASSETCATALOG_COMPILER_APPICON_NAME = AppIcon;
				ASSETCATALOG_COMPILER_GLOBAL_ACCENT_COLOR_NAME = AccentColor;
				CODE_SIGN_STYLE = Automatic;
				CURRENT_PROJECT_VERSION = 1;
				DEVELOPMENT_TEAM = 2NK8U47VYY;
				GENERATE_INFOPLIST_FILE = YES;
				INFOPLIST_FILE = DooRooWa/Info.plist;
				INFOPLIST_KEY_UIApplicationSupportsIndirectInputEvents = YES;
				INFOPLIST_KEY_UILaunchStoryboardName = LaunchScreen;
				INFOPLIST_KEY_UIMainStoryboardFile = Splash;
				INFOPLIST_KEY_UISupportedInterfaceOrientations = UIInterfaceOrientationPortrait;
				INFOPLIST_KEY_UISupportedInterfaceOrientations_iPad = "UIInterfaceOrientationLandscapeLeft UIInterfaceOrientationLandscapeRight UIInterfaceOrientationPortrait UIInterfaceOrientationPortraitUpsideDown";
				LD_RUNPATH_SEARCH_PATHS = (
					"$(inherited)",
					"@executable_path/Frameworks",
				);
				MARKETING_VERSION = 1.0;
				PRODUCT_BUNDLE_IDENTIFIER = com.dooroowa.wve;
				PRODUCT_NAME = "$(TARGET_NAME)";
				SUPPORTED_PLATFORMS = "iphoneos iphonesimulator";
				SUPPORTS_MACCATALYST = NO;
				SUPPORTS_MAC_DESIGNED_FOR_IPHONE_IPAD = NO;
				SWIFT_EMIT_LOC_STRINGS = YES;
				SWIFT_VERSION = 5.0;
				TARGETED_DEVICE_FAMILY = 1;
			};
			name = Release;
		};
/* End XCBuildConfiguration section */

/* Begin XCConfigurationList section */
		A20EA58829BF25BE00D1FC9F /* Build configuration list for PBXProject "DooRooWa" */ = {
			isa = XCConfigurationList;
			buildConfigurations = (
				A20EA59F29BF25C000D1FC9F /* Debug */,
				A20EA5A029BF25C000D1FC9F /* Release */,
			);
			defaultConfigurationIsVisible = 0;
			defaultConfigurationName = Release;
		};
		A20EA5A129BF25C000D1FC9F /* Build configuration list for PBXNativeTarget "DooRooWa" */ = {
			isa = XCConfigurationList;
			buildConfigurations = (
				A20EA5A229BF25C000D1FC9F /* Debug */,
				A20EA5A329BF25C000D1FC9F /* Release */,
			);
			defaultConfigurationIsVisible = 0;
			defaultConfigurationName = Release;
		};
/* End XCConfigurationList section */
	};
	rootObject = A20EA58529BF25BE00D1FC9F /* Project object */;
}
